
Microsoft Visual Studio Solution File, Format Version 12.00
# Visual Studio Version 16
VisualStudioVersion = 16.0.31624.102
MinimumVisualStudioVersion = 10.0.40219.1
Project("{8BC9CEB8-8B4A-11D0-8D11-00A0C91BC942}") = "UFO", "UFO.vcxproj", "{D608A86E-1F76-4403-A008-77F1B0ADF91D}"
EndProject
Global
	GlobalSection(SolutionConfigurationPlatforms) = preSolution
		Debug|x64 = Debug|x64
		Debug|x86 = Debug|x86
		Release|x64 = Release|x64
		Release|x86 = Release|x86
	EndGlobalSection
	GlobalSection(ProjectConfigurationPlatforms) = postSolution
		{D608A86E-1F76-4403-A008-77F1B0ADF91D}.Debug|x64.ActiveCfg = Debug|x64
		{D608A86E-1F76-4403-A008-77F1B0ADF91D}.Debug|x64.Build.0 = Debug|x64
		{D608A86E-1F76-4403-A008-77F1B0ADF91D}.Debug|x86.ActiveCfg = Debug|Win32
		{D608A86E-1F76-4403-A008-77F1B0ADF91D}.Debug|x86.Build.0 = Debug|Win32
		{D608A86E-1F76-4403-A008-77F1B0ADF91D}.Release|x64.ActiveCfg = Release|x64
		{D608A86E-1F76-4403-A008-77F1B0ADF91D}.Release|x64.Build.0 = Release|x64
		{D608A86E-1F76-4403-A008-77F1B0ADF91D}.Release|x86.ActiveCfg = Release|Win32
		{D608A86E-1F76-4403-A008-77F1B0ADF91D}.Release|x86.Build.0 = Release|Win32
	EndGlobalSection
	GlobalSection(SolutionProperties) = preSolution
		HideSolutionNode = FALSE
	EndGlobalSection
	GlobalSection(ExtensibilityGlobals) = postSolution
		SolutionGuid = {FD37D8F7-140E-4777-B436-8900E4BAF200}
	EndGlobalSection
EndGlobal
